{
  "originHash" : "04763f9d6d14da6fb1082d6405c847f61651341823e572706347b16f68dcb34c",
  "pins" : [
    {
      "identity" : "ios-library",
      "kind" : "remoteSourceControl",
      "location" : "https://github.com/urbanairship/ios-library",
      "state" : {
        "revision" : "ec72ac95ca9b53f44c2e976c4495f4ac411d68ab",
        "version" : "20.0.0"
      }
    }
  ],
  "version" : 3
}
