{
  "originHash" : "04763f9d6d14da6fb1082d6405c847f61651341823e572706347b16f68dcb34c",
  "pins" : [
    {
      "identity" : "ios-library",
      "kind" : "remoteSourceControl",
      "location" : "https://github.com/urbanairship/ios-library",
      "state" : {
        "revision" : "43f6ec05ada4c3f503696643321de89acc84e9de",
        "version" : "21.0.1"
      }
    }
  ],
  "version" : 3
}
