{
  "originHash" : "35a1c305ac5db66f212019d95b96353f7a7b7a4ee8bea7bca7950156a037f9ea",
  "pins" : [
    {
      "identity" : "ios-library",
      "kind" : "remoteSourceControl",
      "location" : "https://github.com/urbanairship/ios-library",
      "state" : {
        "revision" : "e7abd6a6c97e24e496cfc3f050eb8a951d905270",
        "version" : "20.6.0"
      }
    }
  ],
  "version" : 3
}
